schema: '2.0'
stages:
  make_dataset:
    cmd: python src/data/make_dataset.py
    params:
      params.yaml:
        make_dataset.test_size: 0.3
    outs:
    - path: data/raw
      hash: md5
      md5: e9987a12cee46cb13ff54ed23f7a8754.dir
      size: 827973
      nfiles: 2
  data_preprocessing:
    cmd: python src/data/data_preprocessing.py
    deps:
    - path: data/raw
      hash: md5
      md5: 03b3b604b1f92a17191a7fc947e576d6.dir
      size: 827973
      nfiles: 2
    - path: src/data/data_preprocessing.py
      hash: md5
      md5: d6423aa0d783abadd90d04780f230d90
      size: 4000
    outs:
    - path: data/interim
      hash: md5
      md5: 994c49fadcae57312a3667f2eba4dc35.dir
      size: 572633
      nfiles: 2
  data_ingestion:
    cmd: python src/data/data_ingestion.py
    deps:
    - path: src/data/data_ingestion.py
      hash: md5
      md5: bc7a962fa1bb7f88eb52189d3fad92ce
      size: 3537
    params:
      params.yaml:
        data_ingestion.test_size: 0.3
    outs:
    - path: data/raw
      hash: md5
      md5: 03b3b604b1f92a17191a7fc947e576d6.dir
      size: 827973
      nfiles: 2
  feature_engineering:
    cmd: python src/features/feature_engineering.py
    deps:
    - path: data/interim
      hash: md5
      md5: 994c49fadcae57312a3667f2eba4dc35.dir
      size: 572633
      nfiles: 2
    - path: src/features/feature_engineering.py
      hash: md5
      md5: f4baae14e69558df7e036dd78faef79d
      size: 3780
    params:
      params.yaml:
        feature_engineering.max_features: 10000
    outs:
    - path: data/processed
      hash: md5
      md5: d85edef66c47c5ca75af8a70a162f5c9.dir
      size: 416269325
      nfiles: 2
  model_building:
    cmd: python src/model/model_building.py
    deps:
    - path: data/processed
      hash: md5
      md5: d85edef66c47c5ca75af8a70a162f5c9.dir
      size: 416269325
      nfiles: 2
    - path: src/model/model_building.py
      hash: md5
      md5: d319a55ac2410c749d5eecae89f7931e
      size: 3072
    params:
      params.yaml:
        model_building.learning_rate: 0.1
        model_building.n_estimators: 2500
    outs:
    - path: models/model.pkl
      hash: md5
      md5: 6cdf1ef1a40bd960b1a86fe59317153e
      size: 2651307
  model_evaluation:
    cmd: python src/model/model_evaluation.py
    deps:
    - path: models/model.pkl
      hash: md5
      md5: 6cdf1ef1a40bd960b1a86fe59317153e
      size: 2651307
    - path: src/model/model_evaluation.py
      hash: md5
      md5: f65d0cdc428b7d582927ced712514d4e
      size: 3380
    outs:
    - path: reports/metrics.json
      hash: md5
      md5: 0b4b39b8c75ae8472ab7b8def0154999
      size: 145
