schema: '2.0'
stages:
  make_dataset:
    cmd: python src/data/make_dataset.py
    params:
      params.yaml:
        make_dataset.test_size: 0.3
    outs:
    - path: data/raw
      hash: md5
      md5: e9987a12cee46cb13ff54ed23f7a8754.dir
      size: 827973
      nfiles: 2
  data_preprocessing:
    cmd: python src/data/data_preprocessing.py
    deps:
    - path: data/raw
      hash: md5
      md5: fb326d2eec197669f9638afde28356bf.dir
      size: 827973
      nfiles: 2
    - path: src/data/data_preprocessing.py
      hash: md5
      md5: d6423aa0d783abadd90d04780f230d90
      size: 4000
    outs:
    - path: data/interim
      hash: md5
      md5: c52f2290e848623bebee2a4c7bcf41e3.dir
      size: 572633
      nfiles: 2
  data_ingestion:
    cmd: python src/data/data_ingestion.py
    deps:
    - path: src/data/data_ingestion.py
      hash: md5
      md5: bc7a962fa1bb7f88eb52189d3fad92ce
      size: 3537
    params:
      params.yaml:
        data_ingestion.test_size: 0.2
    outs:
    - path: data/raw
      hash: md5
      md5: fb326d2eec197669f9638afde28356bf.dir
      size: 827973
      nfiles: 2
  feature_engineering:
    cmd: python src/features/feature_engineering.py
    deps:
    - path: data/interim
      hash: md5
      md5: c52f2290e848623bebee2a4c7bcf41e3.dir
      size: 572633
      nfiles: 2
    - path: src/features/feature_engineering.py
      hash: md5
      md5: f4baae14e69558df7e036dd78faef79d
      size: 3780
    params:
      params.yaml:
        feature_engineering.max_features: 100
    outs:
    - path: data/processed
      hash: md5
      md5: ed2fb0974edbaf8097e8066cedde4413.dir
      size: 4537114
      nfiles: 2
  model_building:
    cmd: python src/model/model_building.py
    deps:
    - path: data/processed
      hash: md5
      md5: ed2fb0974edbaf8097e8066cedde4413.dir
      size: 4537114
      nfiles: 2
    - path: src/model/model_building.py
      hash: md5
      md5: d319a55ac2410c749d5eecae89f7931e
      size: 3072
    params:
      params.yaml:
        model_building.learning_rate: 0.1
        model_building.n_estimators: 25
    outs:
    - path: models/model.pkl
      hash: md5
      md5: 5398a97583431bfe53e67312b1547ef7
      size: 39346
  model_evaluation:
    cmd: python src/model/model_evaluation.py
    deps:
    - path: models/model.pkl
      hash: md5
      md5: 5398a97583431bfe53e67312b1547ef7
      size: 39346
    - path: src/model/model_evaluation.py
      hash: md5
      md5: f65d0cdc428b7d582927ced712514d4e
      size: 3380
    outs:
    - path: reports/metrics.json
      hash: md5
      md5: a30cefba76cffde0cf4e9ef378aaf516
      size: 145
