schema: '2.0'
stages:
  make_dataset:
    cmd: python src/data/make_dataset.py
    params:
      params.yaml:
        make_dataset.test_size: 0.3
    outs:
    - path: data/raw
      hash: md5
      md5: e9987a12cee46cb13ff54ed23f7a8754.dir
      size: 827973
      nfiles: 2
  data_preprocessing:
    cmd: python src/data/data_preprocessing.py
    deps:
    - path: data/raw
      hash: md5
      md5: 03b3b604b1f92a17191a7fc947e576d6.dir
      size: 827973
      nfiles: 2
    - path: src/data/data_preprocessing.py
      hash: md5
      md5: d6423aa0d783abadd90d04780f230d90
      size: 4000
    outs:
    - path: data/interim
      hash: md5
      md5: 994c49fadcae57312a3667f2eba4dc35.dir
      size: 572633
      nfiles: 2
  data_ingestion:
    cmd: python src/data/data_ingestion.py
    deps:
    - path: src/data/data_ingestion.py
      hash: md5
      md5: bc7a962fa1bb7f88eb52189d3fad92ce
      size: 3537
    params:
      params.yaml:
        data_ingestion.test_size: 0.3
    outs:
    - path: data/raw
      hash: md5
      md5: 03b3b604b1f92a17191a7fc947e576d6.dir
      size: 827973
      nfiles: 2
  feature_engineering:
    cmd: python src/features/feature_engineering.py
    deps:
    - path: data/interim
      hash: md5
      md5: 994c49fadcae57312a3667f2eba4dc35.dir
      size: 572633
      nfiles: 2
    - path: src/features/feature_engineering.py
      hash: md5
      md5: 82db3c20e66aada03d4c78211069722d
      size: 3772
    params:
      params.yaml:
        feature_engineering.max_features: 100
    outs:
    - path: data/processed
      hash: md5
      md5: f3cf2ddd7a154a158253a9d927238536.dir
      size: 2106516
      nfiles: 2
  model_building:
    cmd: python src/model/model_building.py
    deps:
    - path: data/processed
      hash: md5
      md5: f3cf2ddd7a154a158253a9d927238536.dir
      size: 2106516
      nfiles: 2
    - path: src/model/model_building.py
      hash: md5
      md5: 332f0ab1133cddbcde8dac5c42300b85
      size: 3070
    params:
      params.yaml:
        model_building.learning_rate: 0.1
        model_building.n_estimators: 10
    outs:
    - path: models/model.pkl
      hash: md5
      md5: 76c2db6150600e55a482ea4f9e454bfa
      size: 20311
  model_evaluation:
    cmd: python src/model/model_evaluation.py
    deps:
    - path: models/model.pkl
      hash: md5
      md5: 76c2db6150600e55a482ea4f9e454bfa
      size: 20311
    - path: src/model/model_evaluation.py
      hash: md5
      md5: 59b3cacedca8e3fbd35fd42034e9025f
      size: 3378
    outs:
    - path: reports/metrics.json
      hash: md5
      md5: 73c3abb812767cd175fd1bedeb36c493
      size: 145
